
Microsoft Visual Studio Solution File, Format Version 12.00
# Visual Studio 14
VisualStudioVersion = 14.0.25420.1
MinimumVisualStudioVersion = 10.0.40219.1
Project("{FAE04EC0-301F-11D3-BF4B-00C04F79EFBC}") = "GenFx", "src\GenFx\GenFx.csproj", "{919AF5AF-702B-4D89-A4A4-0C94CFAF8F95}"
EndProject
Project("{FAE04EC0-301F-11D3-BF4B-00C04F79EFBC}") = "GenFx.ComponentLibrary", "src\GenFx.ComponentLibrary\GenFx.ComponentLibrary.csproj", "{E4385621-4392-4C87-9EFF-DBA1CBAEA894}"
EndProject
Project("{2150E333-8FDC-42A3-9474-1A3956D46DE8}") = "Samples", "Samples", "{FF0BE9FF-5D06-41D2-A5AC-3718B5040FEC}"
EndProject
Project("{FAE04EC0-301F-11D3-BF4B-00C04F79EFBC}") = "SimpleBinaryString", "samples\SimpleBinaryString\SimpleBinaryString.csproj", "{7C79A3C9-CB37-4E4D-95D4-2CF0AF3FD393}"
EndProject
Project("{FAE04EC0-301F-11D3-BF4B-00C04F79EFBC}") = "BinaryPatternMatching", "samples\BinaryPatternMatching\BinaryPatternMatching.csproj", "{549BA3FC-51F0-4EC9-8E5E-1EC10FCCDEFB}"
EndProject
Project("{FAE04EC0-301F-11D3-BF4B-00C04F79EFBC}") = "Documentation", "doc\Documentation.csproj", "{BAC5E356-2FA6-4F26-A054-E879D50AA4BD}"
EndProject
Project("{2150E333-8FDC-42A3-9474-1A3956D46DE8}") = "Solution Items", "Solution Items", "{DC98C209-1D56-4BE8-BED5-28EBAC3B5799}"
	ProjectSection(SolutionItems) = preProject
		src\Package.nuspec = src\Package.nuspec
		src\version.cs = src\version.cs
	EndProjectSection
EndProject
Project("{FAE04EC0-301F-11D3-BF4B-00C04F79EFBC}") = "GenFx.ComponentLibrary.Tests", "src\GenFx.ComponentLibrary.Tests\GenFx.ComponentLibrary.Tests.csproj", "{8B6C0492-1DED-4D48-B476-E4F175328AC3}"
EndProject
Project("{FAE04EC0-301F-11D3-BF4B-00C04F79EFBC}") = "GenFx.Tests", "src\GenFx.Tests\GenFx.Tests.csproj", "{5B7C3DF1-608D-4882-B44E-1C6DE3C54F4D}"
EndProject
Project("{FAE04EC0-301F-11D3-BF4B-00C04F79EFBC}") = "TestCommon", "src\TestCommon\TestCommon.csproj", "{0E55A8D0-81AD-46D0-A08C-635CFE14A8F8}"
EndProject
Global
	GlobalSection(SolutionConfigurationPlatforms) = preSolution
		Debug|Any CPU = Debug|Any CPU
		Debug|ARM = Debug|ARM
		Debug|x64 = Debug|x64
		Debug|x86 = Debug|x86
		Release|Any CPU = Release|Any CPU
		Release|ARM = Release|ARM
		Release|x64 = Release|x64
		Release|x86 = Release|x86
	EndGlobalSection
	GlobalSection(ProjectConfigurationPlatforms) = postSolution
		{919AF5AF-702B-4D89-A4A4-0C94CFAF8F95}.Debug|Any CPU.ActiveCfg = Debug|Any CPU
		{919AF5AF-702B-4D89-A4A4-0C94CFAF8F95}.Debug|Any CPU.Build.0 = Debug|Any CPU
		{919AF5AF-702B-4D89-A4A4-0C94CFAF8F95}.Debug|ARM.ActiveCfg = Debug|Any CPU
		{919AF5AF-702B-4D89-A4A4-0C94CFAF8F95}.Debug|ARM.Build.0 = Debug|Any CPU
		{919AF5AF-702B-4D89-A4A4-0C94CFAF8F95}.Debug|x64.ActiveCfg = Debug|Any CPU
		{919AF5AF-702B-4D89-A4A4-0C94CFAF8F95}.Debug|x64.Build.0 = Debug|Any CPU
		{919AF5AF-702B-4D89-A4A4-0C94CFAF8F95}.Debug|x86.ActiveCfg = Debug|Any CPU
		{919AF5AF-702B-4D89-A4A4-0C94CFAF8F95}.Debug|x86.Build.0 = Debug|Any CPU
		{919AF5AF-702B-4D89-A4A4-0C94CFAF8F95}.Release|Any CPU.ActiveCfg = Release|Any CPU
		{919AF5AF-702B-4D89-A4A4-0C94CFAF8F95}.Release|Any CPU.Build.0 = Release|Any CPU
		{919AF5AF-702B-4D89-A4A4-0C94CFAF8F95}.Release|ARM.ActiveCfg = Release|Any CPU
		{919AF5AF-702B-4D89-A4A4-0C94CFAF8F95}.Release|ARM.Build.0 = Release|Any CPU
		{919AF5AF-702B-4D89-A4A4-0C94CFAF8F95}.Release|x64.ActiveCfg = Release|Any CPU
		{919AF5AF-702B-4D89-A4A4-0C94CFAF8F95}.Release|x64.Build.0 = Release|Any CPU
		{919AF5AF-702B-4D89-A4A4-0C94CFAF8F95}.Release|x86.ActiveCfg = Release|Any CPU
		{919AF5AF-702B-4D89-A4A4-0C94CFAF8F95}.Release|x86.Build.0 = Release|Any CPU
		{E4385621-4392-4C87-9EFF-DBA1CBAEA894}.Debug|Any CPU.ActiveCfg = Debug|Any CPU
		{E4385621-4392-4C87-9EFF-DBA1CBAEA894}.Debug|Any CPU.Build.0 = Debug|Any CPU
		{E4385621-4392-4C87-9EFF-DBA1CBAEA894}.Debug|ARM.ActiveCfg = Debug|Any CPU
		{E4385621-4392-4C87-9EFF-DBA1CBAEA894}.Debug|ARM.Build.0 = Debug|Any CPU
		{E4385621-4392-4C87-9EFF-DBA1CBAEA894}.Debug|x64.ActiveCfg = Debug|Any CPU
		{E4385621-4392-4C87-9EFF-DBA1CBAEA894}.Debug|x64.Build.0 = Debug|Any CPU
		{E4385621-4392-4C87-9EFF-DBA1CBAEA894}.Debug|x86.ActiveCfg = Debug|Any CPU
		{E4385621-4392-4C87-9EFF-DBA1CBAEA894}.Debug|x86.Build.0 = Debug|Any CPU
		{E4385621-4392-4C87-9EFF-DBA1CBAEA894}.Release|Any CPU.ActiveCfg = Release|Any CPU
		{E4385621-4392-4C87-9EFF-DBA1CBAEA894}.Release|Any CPU.Build.0 = Release|Any CPU
		{E4385621-4392-4C87-9EFF-DBA1CBAEA894}.Release|ARM.ActiveCfg = Release|Any CPU
		{E4385621-4392-4C87-9EFF-DBA1CBAEA894}.Release|ARM.Build.0 = Release|Any CPU
		{E4385621-4392-4C87-9EFF-DBA1CBAEA894}.Release|x64.ActiveCfg = Release|Any CPU
		{E4385621-4392-4C87-9EFF-DBA1CBAEA894}.Release|x64.Build.0 = Release|Any CPU
		{E4385621-4392-4C87-9EFF-DBA1CBAEA894}.Release|x86.ActiveCfg = Release|Any CPU
		{E4385621-4392-4C87-9EFF-DBA1CBAEA894}.Release|x86.Build.0 = Release|Any CPU
		{7C79A3C9-CB37-4E4D-95D4-2CF0AF3FD393}.Debug|Any CPU.ActiveCfg = Debug|Any CPU
		{7C79A3C9-CB37-4E4D-95D4-2CF0AF3FD393}.Debug|Any CPU.Build.0 = Debug|Any CPU
		{7C79A3C9-CB37-4E4D-95D4-2CF0AF3FD393}.Debug|ARM.ActiveCfg = Debug|Any CPU
		{7C79A3C9-CB37-4E4D-95D4-2CF0AF3FD393}.Debug|ARM.Build.0 = Debug|Any CPU
		{7C79A3C9-CB37-4E4D-95D4-2CF0AF3FD393}.Debug|x64.ActiveCfg = Debug|Any CPU
		{7C79A3C9-CB37-4E4D-95D4-2CF0AF3FD393}.Debug|x64.Build.0 = Debug|Any CPU
		{7C79A3C9-CB37-4E4D-95D4-2CF0AF3FD393}.Debug|x86.ActiveCfg = Debug|Any CPU
		{7C79A3C9-CB37-4E4D-95D4-2CF0AF3FD393}.Debug|x86.Build.0 = Debug|Any CPU
		{7C79A3C9-CB37-4E4D-95D4-2CF0AF3FD393}.Release|Any CPU.ActiveCfg = Release|Any CPU
		{7C79A3C9-CB37-4E4D-95D4-2CF0AF3FD393}.Release|Any CPU.Build.0 = Release|Any CPU
		{7C79A3C9-CB37-4E4D-95D4-2CF0AF3FD393}.Release|ARM.ActiveCfg = Release|Any CPU
		{7C79A3C9-CB37-4E4D-95D4-2CF0AF3FD393}.Release|ARM.Build.0 = Release|Any CPU
		{7C79A3C9-CB37-4E4D-95D4-2CF0AF3FD393}.Release|x64.ActiveCfg = Release|Any CPU
		{7C79A3C9-CB37-4E4D-95D4-2CF0AF3FD393}.Release|x64.Build.0 = Release|Any CPU
		{7C79A3C9-CB37-4E4D-95D4-2CF0AF3FD393}.Release|x86.ActiveCfg = Release|Any CPU
		{7C79A3C9-CB37-4E4D-95D4-2CF0AF3FD393}.Release|x86.Build.0 = Release|Any CPU
		{549BA3FC-51F0-4EC9-8E5E-1EC10FCCDEFB}.Debug|Any CPU.ActiveCfg = Debug|Any CPU
		{549BA3FC-51F0-4EC9-8E5E-1EC10FCCDEFB}.Debug|Any CPU.Build.0 = Debug|Any CPU
		{549BA3FC-51F0-4EC9-8E5E-1EC10FCCDEFB}.Debug|ARM.ActiveCfg = Debug|Any CPU
		{549BA3FC-51F0-4EC9-8E5E-1EC10FCCDEFB}.Debug|ARM.Build.0 = Debug|Any CPU
		{549BA3FC-51F0-4EC9-8E5E-1EC10FCCDEFB}.Debug|x64.ActiveCfg = Debug|Any CPU
		{549BA3FC-51F0-4EC9-8E5E-1EC10FCCDEFB}.Debug|x64.Build.0 = Debug|Any CPU
		{549BA3FC-51F0-4EC9-8E5E-1EC10FCCDEFB}.Debug|x86.ActiveCfg = Debug|Any CPU
		{549BA3FC-51F0-4EC9-8E5E-1EC10FCCDEFB}.Debug|x86.Build.0 = Debug|Any CPU
		{549BA3FC-51F0-4EC9-8E5E-1EC10FCCDEFB}.Release|Any CPU.ActiveCfg = Release|Any CPU
		{549BA3FC-51F0-4EC9-8E5E-1EC10FCCDEFB}.Release|Any CPU.Build.0 = Release|Any CPU
		{549BA3FC-51F0-4EC9-8E5E-1EC10FCCDEFB}.Release|ARM.ActiveCfg = Release|Any CPU
		{549BA3FC-51F0-4EC9-8E5E-1EC10FCCDEFB}.Release|ARM.Build.0 = Release|Any CPU
		{549BA3FC-51F0-4EC9-8E5E-1EC10FCCDEFB}.Release|x64.ActiveCfg = Release|Any CPU
		{549BA3FC-51F0-4EC9-8E5E-1EC10FCCDEFB}.Release|x64.Build.0 = Release|Any CPU
		{549BA3FC-51F0-4EC9-8E5E-1EC10FCCDEFB}.Release|x86.ActiveCfg = Release|Any CPU
		{549BA3FC-51F0-4EC9-8E5E-1EC10FCCDEFB}.Release|x86.Build.0 = Release|Any CPU
		{BAC5E356-2FA6-4F26-A054-E879D50AA4BD}.Debug|Any CPU.ActiveCfg = Debug|Any CPU
		{BAC5E356-2FA6-4F26-A054-E879D50AA4BD}.Debug|ARM.ActiveCfg = Debug|Any CPU
		{BAC5E356-2FA6-4F26-A054-E879D50AA4BD}.Debug|ARM.Build.0 = Debug|Any CPU
		{BAC5E356-2FA6-4F26-A054-E879D50AA4BD}.Debug|x64.ActiveCfg = Debug|Any CPU
		{BAC5E356-2FA6-4F26-A054-E879D50AA4BD}.Debug|x64.Build.0 = Debug|Any CPU
		{BAC5E356-2FA6-4F26-A054-E879D50AA4BD}.Debug|x86.ActiveCfg = Debug|Any CPU
		{BAC5E356-2FA6-4F26-A054-E879D50AA4BD}.Debug|x86.Build.0 = Debug|Any CPU
		{BAC5E356-2FA6-4F26-A054-E879D50AA4BD}.Release|Any CPU.ActiveCfg = Release|Any CPU
		{BAC5E356-2FA6-4F26-A054-E879D50AA4BD}.Release|ARM.ActiveCfg = Release|Any CPU
		{BAC5E356-2FA6-4F26-A054-E879D50AA4BD}.Release|ARM.Build.0 = Release|Any CPU
		{BAC5E356-2FA6-4F26-A054-E879D50AA4BD}.Release|x64.ActiveCfg = Release|Any CPU
		{BAC5E356-2FA6-4F26-A054-E879D50AA4BD}.Release|x64.Build.0 = Release|Any CPU
		{BAC5E356-2FA6-4F26-A054-E879D50AA4BD}.Release|x86.ActiveCfg = Release|Any CPU
		{BAC5E356-2FA6-4F26-A054-E879D50AA4BD}.Release|x86.Build.0 = Release|Any CPU
		{8B6C0492-1DED-4D48-B476-E4F175328AC3}.Debug|Any CPU.ActiveCfg = Debug|Any CPU
		{8B6C0492-1DED-4D48-B476-E4F175328AC3}.Debug|Any CPU.Build.0 = Debug|Any CPU
		{8B6C0492-1DED-4D48-B476-E4F175328AC3}.Debug|ARM.ActiveCfg = Debug|Any CPU
		{8B6C0492-1DED-4D48-B476-E4F175328AC3}.Debug|ARM.Build.0 = Debug|Any CPU
		{8B6C0492-1DED-4D48-B476-E4F175328AC3}.Debug|x64.ActiveCfg = Debug|Any CPU
		{8B6C0492-1DED-4D48-B476-E4F175328AC3}.Debug|x64.Build.0 = Debug|Any CPU
		{8B6C0492-1DED-4D48-B476-E4F175328AC3}.Debug|x86.ActiveCfg = Debug|Any CPU
		{8B6C0492-1DED-4D48-B476-E4F175328AC3}.Debug|x86.Build.0 = Debug|Any CPU
		{8B6C0492-1DED-4D48-B476-E4F175328AC3}.Release|Any CPU.ActiveCfg = Release|Any CPU
		{8B6C0492-1DED-4D48-B476-E4F175328AC3}.Release|Any CPU.Build.0 = Release|Any CPU
		{8B6C0492-1DED-4D48-B476-E4F175328AC3}.Release|ARM.ActiveCfg = Release|Any CPU
		{8B6C0492-1DED-4D48-B476-E4F175328AC3}.Release|ARM.Build.0 = Release|Any CPU
		{8B6C0492-1DED-4D48-B476-E4F175328AC3}.Release|x64.ActiveCfg = Release|Any CPU
		{8B6C0492-1DED-4D48-B476-E4F175328AC3}.Release|x64.Build.0 = Release|Any CPU
		{8B6C0492-1DED-4D48-B476-E4F175328AC3}.Release|x86.ActiveCfg = Release|Any CPU
		{8B6C0492-1DED-4D48-B476-E4F175328AC3}.Release|x86.Build.0 = Release|Any CPU
		{5B7C3DF1-608D-4882-B44E-1C6DE3C54F4D}.Debug|Any CPU.ActiveCfg = Debug|Any CPU
		{5B7C3DF1-608D-4882-B44E-1C6DE3C54F4D}.Debug|Any CPU.Build.0 = Debug|Any CPU
		{5B7C3DF1-608D-4882-B44E-1C6DE3C54F4D}.Debug|ARM.ActiveCfg = Debug|Any CPU
		{5B7C3DF1-608D-4882-B44E-1C6DE3C54F4D}.Debug|ARM.Build.0 = Debug|Any CPU
		{5B7C3DF1-608D-4882-B44E-1C6DE3C54F4D}.Debug|x64.ActiveCfg = Debug|Any CPU
		{5B7C3DF1-608D-4882-B44E-1C6DE3C54F4D}.Debug|x64.Build.0 = Debug|Any CPU
		{5B7C3DF1-608D-4882-B44E-1C6DE3C54F4D}.Debug|x86.ActiveCfg = Debug|Any CPU
		{5B7C3DF1-608D-4882-B44E-1C6DE3C54F4D}.Debug|x86.Build.0 = Debug|Any CPU
		{5B7C3DF1-608D-4882-B44E-1C6DE3C54F4D}.Release|Any CPU.ActiveCfg = Release|Any CPU
		{5B7C3DF1-608D-4882-B44E-1C6DE3C54F4D}.Release|Any CPU.Build.0 = Release|Any CPU
		{5B7C3DF1-608D-4882-B44E-1C6DE3C54F4D}.Release|ARM.ActiveCfg = Release|Any CPU
		{5B7C3DF1-608D-4882-B44E-1C6DE3C54F4D}.Release|ARM.Build.0 = Release|Any CPU
		{5B7C3DF1-608D-4882-B44E-1C6DE3C54F4D}.Release|x64.ActiveCfg = Release|Any CPU
		{5B7C3DF1-608D-4882-B44E-1C6DE3C54F4D}.Release|x64.Build.0 = Release|Any CPU
		{5B7C3DF1-608D-4882-B44E-1C6DE3C54F4D}.Release|x86.ActiveCfg = Release|Any CPU
		{5B7C3DF1-608D-4882-B44E-1C6DE3C54F4D}.Release|x86.Build.0 = Release|Any CPU
		{0E55A8D0-81AD-46D0-A08C-635CFE14A8F8}.Debug|Any CPU.ActiveCfg = Debug|Any CPU
		{0E55A8D0-81AD-46D0-A08C-635CFE14A8F8}.Debug|Any CPU.Build.0 = Debug|Any CPU
		{0E55A8D0-81AD-46D0-A08C-635CFE14A8F8}.Debug|ARM.ActiveCfg = Debug|Any CPU
		{0E55A8D0-81AD-46D0-A08C-635CFE14A8F8}.Debug|ARM.Build.0 = Debug|Any CPU
		{0E55A8D0-81AD-46D0-A08C-635CFE14A8F8}.Debug|x64.ActiveCfg = Debug|Any CPU
		{0E55A8D0-81AD-46D0-A08C-635CFE14A8F8}.Debug|x64.Build.0 = Debug|Any CPU
		{0E55A8D0-81AD-46D0-A08C-635CFE14A8F8}.Debug|x86.ActiveCfg = Debug|Any CPU
		{0E55A8D0-81AD-46D0-A08C-635CFE14A8F8}.Debug|x86.Build.0 = Debug|Any CPU
		{0E55A8D0-81AD-46D0-A08C-635CFE14A8F8}.Release|Any CPU.ActiveCfg = Release|Any CPU
		{0E55A8D0-81AD-46D0-A08C-635CFE14A8F8}.Release|Any CPU.Build.0 = Release|Any CPU
		{0E55A8D0-81AD-46D0-A08C-635CFE14A8F8}.Release|ARM.ActiveCfg = Release|Any CPU
		{0E55A8D0-81AD-46D0-A08C-635CFE14A8F8}.Release|ARM.Build.0 = Release|Any CPU
		{0E55A8D0-81AD-46D0-A08C-635CFE14A8F8}.Release|x64.ActiveCfg = Release|Any CPU
		{0E55A8D0-81AD-46D0-A08C-635CFE14A8F8}.Release|x64.Build.0 = Release|Any CPU
		{0E55A8D0-81AD-46D0-A08C-635CFE14A8F8}.Release|x86.ActiveCfg = Release|Any CPU
		{0E55A8D0-81AD-46D0-A08C-635CFE14A8F8}.Release|x86.Build.0 = Release|Any CPU
	EndGlobalSection
	GlobalSection(SolutionProperties) = preSolution
		HideSolutionNode = FALSE
	EndGlobalSection
	GlobalSection(NestedProjects) = preSolution
		{7C79A3C9-CB37-4E4D-95D4-2CF0AF3FD393} = {FF0BE9FF-5D06-41D2-A5AC-3718B5040FEC}
		{549BA3FC-51F0-4EC9-8E5E-1EC10FCCDEFB} = {FF0BE9FF-5D06-41D2-A5AC-3718B5040FEC}
	EndGlobalSection
EndGlobal
