
Microsoft Visual Studio Solution File, Format Version 12.00
# Visual Studio 14
VisualStudioVersion = 14.0.25420.1
MinimumVisualStudioVersion = 10.0.40219.1
Project("{FAE04EC0-301F-11D3-BF4B-00C04F79EFBC}") = "GenFx", "src\GenFx\GenFx.csproj", "{919AF5AF-702B-4D89-A4A4-0C94CFAF8F95}"
EndProject
Project("{FAE04EC0-301F-11D3-BF4B-00C04F79EFBC}") = "GenFx.ComponentLibrary", "src\GenFx.ComponentLibrary\GenFx.ComponentLibrary.csproj", "{E4385621-4392-4C87-9EFF-DBA1CBAEA894}"
EndProject
Project("{FAE04EC0-301F-11D3-BF4B-00C04F79EFBC}") = "GenFxTests", "src\GenFxTests\GenFxTests.csproj", "{5B7C3DF1-608D-4882-B44E-1C6DE3C54F4D}"
EndProject
Project("{2150E333-8FDC-42A3-9474-1A3956D46DE8}") = "Samples", "Samples", "{FF0BE9FF-5D06-41D2-A5AC-3718B5040FEC}"
EndProject
Project("{FAE04EC0-301F-11D3-BF4B-00C04F79EFBC}") = "SimpleBinaryString", "samples\SimpleBinaryString\SimpleBinaryString.csproj", "{7C79A3C9-CB37-4E4D-95D4-2CF0AF3FD393}"
EndProject
Project("{FAE04EC0-301F-11D3-BF4B-00C04F79EFBC}") = "BinaryPatternMatching", "samples\BinaryPatternMatching\BinaryPatternMatching.csproj", "{549BA3FC-51F0-4EC9-8E5E-1EC10FCCDEFB}"
EndProject
Global
	GlobalSection(SolutionConfigurationPlatforms) = preSolution
		Debug|Any CPU = Debug|Any CPU
		Release|Any CPU = Release|Any CPU
	EndGlobalSection
	GlobalSection(ProjectConfigurationPlatforms) = postSolution
		{919AF5AF-702B-4D89-A4A4-0C94CFAF8F95}.Debug|Any CPU.ActiveCfg = Debug|Any CPU
		{919AF5AF-702B-4D89-A4A4-0C94CFAF8F95}.Debug|Any CPU.Build.0 = Debug|Any CPU
		{919AF5AF-702B-4D89-A4A4-0C94CFAF8F95}.Release|Any CPU.ActiveCfg = Release|Any CPU
		{919AF5AF-702B-4D89-A4A4-0C94CFAF8F95}.Release|Any CPU.Build.0 = Release|Any CPU
		{E4385621-4392-4C87-9EFF-DBA1CBAEA894}.Debug|Any CPU.ActiveCfg = Debug|Any CPU
		{E4385621-4392-4C87-9EFF-DBA1CBAEA894}.Debug|Any CPU.Build.0 = Debug|Any CPU
		{E4385621-4392-4C87-9EFF-DBA1CBAEA894}.Release|Any CPU.ActiveCfg = Release|Any CPU
		{E4385621-4392-4C87-9EFF-DBA1CBAEA894}.Release|Any CPU.Build.0 = Release|Any CPU
		{5B7C3DF1-608D-4882-B44E-1C6DE3C54F4D}.Debug|Any CPU.ActiveCfg = Debug|Any CPU
		{5B7C3DF1-608D-4882-B44E-1C6DE3C54F4D}.Debug|Any CPU.Build.0 = Debug|Any CPU
		{5B7C3DF1-608D-4882-B44E-1C6DE3C54F4D}.Release|Any CPU.ActiveCfg = Release|Any CPU
		{5B7C3DF1-608D-4882-B44E-1C6DE3C54F4D}.Release|Any CPU.Build.0 = Release|Any CPU
		{7C79A3C9-CB37-4E4D-95D4-2CF0AF3FD393}.Debug|Any CPU.ActiveCfg = Debug|Any CPU
		{7C79A3C9-CB37-4E4D-95D4-2CF0AF3FD393}.Debug|Any CPU.Build.0 = Debug|Any CPU
		{7C79A3C9-CB37-4E4D-95D4-2CF0AF3FD393}.Release|Any CPU.ActiveCfg = Release|Any CPU
		{7C79A3C9-CB37-4E4D-95D4-2CF0AF3FD393}.Release|Any CPU.Build.0 = Release|Any CPU
		{549BA3FC-51F0-4EC9-8E5E-1EC10FCCDEFB}.Debug|Any CPU.ActiveCfg = Debug|Any CPU
		{549BA3FC-51F0-4EC9-8E5E-1EC10FCCDEFB}.Debug|Any CPU.Build.0 = Debug|Any CPU
		{549BA3FC-51F0-4EC9-8E5E-1EC10FCCDEFB}.Release|Any CPU.ActiveCfg = Release|Any CPU
		{549BA3FC-51F0-4EC9-8E5E-1EC10FCCDEFB}.Release|Any CPU.Build.0 = Release|Any CPU
	EndGlobalSection
	GlobalSection(SolutionProperties) = preSolution
		HideSolutionNode = FALSE
	EndGlobalSection
	GlobalSection(NestedProjects) = preSolution
		{7C79A3C9-CB37-4E4D-95D4-2CF0AF3FD393} = {FF0BE9FF-5D06-41D2-A5AC-3718B5040FEC}
		{549BA3FC-51F0-4EC9-8E5E-1EC10FCCDEFB} = {FF0BE9FF-5D06-41D2-A5AC-3718B5040FEC}
	EndGlobalSection
EndGlobal
