
Microsoft Visual Studio Solution File, Format Version 12.00
# Visual Studio Version 16
VisualStudioVersion = 16.0.29519.181
MinimumVisualStudioVersion = 10.0.40219.1
Project("{9A19103F-16F7-4668-BE54-9A1E7A4F7556}") = "GenFx", "src\GenFx\GenFx.csproj", "{919AF5AF-702B-4D89-A4A4-0C94CFAF8F95}"
EndProject
Project("{2150E333-8FDC-42A3-9474-1A3956D46DE8}") = "Samples", "Samples", "{FF0BE9FF-5D06-41D2-A5AC-3718B5040FEC}"
EndProject
Project("{9A19103F-16F7-4668-BE54-9A1E7A4F7556}") = "SimpleBinaryString", "samples\SimpleBinaryString\SimpleBinaryString.csproj", "{7C79A3C9-CB37-4E4D-95D4-2CF0AF3FD393}"
EndProject
Project("{9A19103F-16F7-4668-BE54-9A1E7A4F7556}") = "BinaryPatternMatching", "samples\BinaryPatternMatching\BinaryPatternMatching.csproj", "{549BA3FC-51F0-4EC9-8E5E-1EC10FCCDEFB}"
EndProject
Project("{FAE04EC0-301F-11D3-BF4B-00C04F79EFBC}") = "Documentation", "doc\Documentation.csproj", "{BAC5E356-2FA6-4F26-A054-E879D50AA4BD}"
EndProject
Project("{9A19103F-16F7-4668-BE54-9A1E7A4F7556}") = "GenFx.Tests", "src\GenFx.Tests\GenFx.Tests.csproj", "{5B7C3DF1-608D-4882-B44E-1C6DE3C54F4D}"
EndProject
Project("{9A19103F-16F7-4668-BE54-9A1E7A4F7556}") = "TestCommon", "src\TestCommon\TestCommon.csproj", "{0E55A8D0-81AD-46D0-A08C-635CFE14A8F8}"
EndProject
Project("{9A19103F-16F7-4668-BE54-9A1E7A4F7556}") = "UISampleApp", "samples\UISampleApp\UISampleApp.csproj", "{B1C1BE5E-4425-48B2-9697-8E7BB7DF6EA6}"
EndProject
Project("{9A19103F-16F7-4668-BE54-9A1E7A4F7556}") = "GenFx.Components", "src\GenFx.Components\GenFx.Components.csproj", "{297D5848-984D-4329-9A25-EF4AFA4A5723}"
EndProject
Project("{9A19103F-16F7-4668-BE54-9A1E7A4F7556}") = "GenFx.Components.Tests", "src\GenFx.Components.Tests\GenFx.Components.Tests.csproj", "{1AB62D45-A224-4372-A914-4479A1981EB6}"
EndProject
Project("{9A19103F-16F7-4668-BE54-9A1E7A4F7556}") = "GenFx.Wpf", "src\GenFx.Wpf\GenFx.Wpf.csproj", "{BFBB8B1E-8849-42C3-9C89-F4F2A41774B3}"
EndProject
Project("{9A19103F-16F7-4668-BE54-9A1E7A4F7556}") = "GenFx.Wpf.Tests", "src\GenFx.Wpf.Tests\GenFx.Wpf.Tests.csproj", "{96986AF3-E46F-4DAD-8BE7-E0017E08E98B}"
EndProject
Global
	GlobalSection(SolutionConfigurationPlatforms) = preSolution
		Debug|Any CPU = Debug|Any CPU
		Debug|ARM = Debug|ARM
		Debug|x64 = Debug|x64
		Debug|x86 = Debug|x86
		Release|Any CPU = Release|Any CPU
		Release|ARM = Release|ARM
		Release|x64 = Release|x64
		Release|x86 = Release|x86
	EndGlobalSection
	GlobalSection(ProjectConfigurationPlatforms) = postSolution
		{919AF5AF-702B-4D89-A4A4-0C94CFAF8F95}.Debug|Any CPU.ActiveCfg = Debug|Any CPU
		{919AF5AF-702B-4D89-A4A4-0C94CFAF8F95}.Debug|Any CPU.Build.0 = Debug|Any CPU
		{919AF5AF-702B-4D89-A4A4-0C94CFAF8F95}.Debug|ARM.ActiveCfg = Debug|Any CPU
		{919AF5AF-702B-4D89-A4A4-0C94CFAF8F95}.Debug|ARM.Build.0 = Debug|Any CPU
		{919AF5AF-702B-4D89-A4A4-0C94CFAF8F95}.Debug|x64.ActiveCfg = Debug|Any CPU
		{919AF5AF-702B-4D89-A4A4-0C94CFAF8F95}.Debug|x64.Build.0 = Debug|Any CPU
		{919AF5AF-702B-4D89-A4A4-0C94CFAF8F95}.Debug|x86.ActiveCfg = Debug|Any CPU
		{919AF5AF-702B-4D89-A4A4-0C94CFAF8F95}.Debug|x86.Build.0 = Debug|Any CPU
		{919AF5AF-702B-4D89-A4A4-0C94CFAF8F95}.Release|Any CPU.ActiveCfg = Release|Any CPU
		{919AF5AF-702B-4D89-A4A4-0C94CFAF8F95}.Release|Any CPU.Build.0 = Release|Any CPU
		{919AF5AF-702B-4D89-A4A4-0C94CFAF8F95}.Release|ARM.ActiveCfg = Release|Any CPU
		{919AF5AF-702B-4D89-A4A4-0C94CFAF8F95}.Release|ARM.Build.0 = Release|Any CPU
		{919AF5AF-702B-4D89-A4A4-0C94CFAF8F95}.Release|x64.ActiveCfg = Release|Any CPU
		{919AF5AF-702B-4D89-A4A4-0C94CFAF8F95}.Release|x64.Build.0 = Release|Any CPU
		{919AF5AF-702B-4D89-A4A4-0C94CFAF8F95}.Release|x86.ActiveCfg = Release|Any CPU
		{919AF5AF-702B-4D89-A4A4-0C94CFAF8F95}.Release|x86.Build.0 = Release|Any CPU
		{7C79A3C9-CB37-4E4D-95D4-2CF0AF3FD393}.Debug|Any CPU.ActiveCfg = Debug|Any CPU
		{7C79A3C9-CB37-4E4D-95D4-2CF0AF3FD393}.Debug|Any CPU.Build.0 = Debug|Any CPU
		{7C79A3C9-CB37-4E4D-95D4-2CF0AF3FD393}.Debug|ARM.ActiveCfg = Debug|Any CPU
		{7C79A3C9-CB37-4E4D-95D4-2CF0AF3FD393}.Debug|ARM.Build.0 = Debug|Any CPU
		{7C79A3C9-CB37-4E4D-95D4-2CF0AF3FD393}.Debug|x64.ActiveCfg = Debug|Any CPU
		{7C79A3C9-CB37-4E4D-95D4-2CF0AF3FD393}.Debug|x64.Build.0 = Debug|Any CPU
		{7C79A3C9-CB37-4E4D-95D4-2CF0AF3FD393}.Debug|x86.ActiveCfg = Debug|Any CPU
		{7C79A3C9-CB37-4E4D-95D4-2CF0AF3FD393}.Debug|x86.Build.0 = Debug|Any CPU
		{7C79A3C9-CB37-4E4D-95D4-2CF0AF3FD393}.Release|Any CPU.ActiveCfg = Release|Any CPU
		{7C79A3C9-CB37-4E4D-95D4-2CF0AF3FD393}.Release|Any CPU.Build.0 = Release|Any CPU
		{7C79A3C9-CB37-4E4D-95D4-2CF0AF3FD393}.Release|ARM.ActiveCfg = Release|Any CPU
		{7C79A3C9-CB37-4E4D-95D4-2CF0AF3FD393}.Release|ARM.Build.0 = Release|Any CPU
		{7C79A3C9-CB37-4E4D-95D4-2CF0AF3FD393}.Release|x64.ActiveCfg = Release|Any CPU
		{7C79A3C9-CB37-4E4D-95D4-2CF0AF3FD393}.Release|x64.Build.0 = Release|Any CPU
		{7C79A3C9-CB37-4E4D-95D4-2CF0AF3FD393}.Release|x86.ActiveCfg = Release|Any CPU
		{7C79A3C9-CB37-4E4D-95D4-2CF0AF3FD393}.Release|x86.Build.0 = Release|Any CPU
		{549BA3FC-51F0-4EC9-8E5E-1EC10FCCDEFB}.Debug|Any CPU.ActiveCfg = Debug|Any CPU
		{549BA3FC-51F0-4EC9-8E5E-1EC10FCCDEFB}.Debug|Any CPU.Build.0 = Debug|Any CPU
		{549BA3FC-51F0-4EC9-8E5E-1EC10FCCDEFB}.Debug|ARM.ActiveCfg = Debug|Any CPU
		{549BA3FC-51F0-4EC9-8E5E-1EC10FCCDEFB}.Debug|ARM.Build.0 = Debug|Any CPU
		{549BA3FC-51F0-4EC9-8E5E-1EC10FCCDEFB}.Debug|x64.ActiveCfg = Debug|Any CPU
		{549BA3FC-51F0-4EC9-8E5E-1EC10FCCDEFB}.Debug|x64.Build.0 = Debug|Any CPU
		{549BA3FC-51F0-4EC9-8E5E-1EC10FCCDEFB}.Debug|x86.ActiveCfg = Debug|Any CPU
		{549BA3FC-51F0-4EC9-8E5E-1EC10FCCDEFB}.Debug|x86.Build.0 = Debug|Any CPU
		{549BA3FC-51F0-4EC9-8E5E-1EC10FCCDEFB}.Release|Any CPU.ActiveCfg = Release|Any CPU
		{549BA3FC-51F0-4EC9-8E5E-1EC10FCCDEFB}.Release|Any CPU.Build.0 = Release|Any CPU
		{549BA3FC-51F0-4EC9-8E5E-1EC10FCCDEFB}.Release|ARM.ActiveCfg = Release|Any CPU
		{549BA3FC-51F0-4EC9-8E5E-1EC10FCCDEFB}.Release|ARM.Build.0 = Release|Any CPU
		{549BA3FC-51F0-4EC9-8E5E-1EC10FCCDEFB}.Release|x64.ActiveCfg = Release|Any CPU
		{549BA3FC-51F0-4EC9-8E5E-1EC10FCCDEFB}.Release|x64.Build.0 = Release|Any CPU
		{549BA3FC-51F0-4EC9-8E5E-1EC10FCCDEFB}.Release|x86.ActiveCfg = Release|Any CPU
		{549BA3FC-51F0-4EC9-8E5E-1EC10FCCDEFB}.Release|x86.Build.0 = Release|Any CPU
		{BAC5E356-2FA6-4F26-A054-E879D50AA4BD}.Debug|Any CPU.ActiveCfg = Debug|Any CPU
		{BAC5E356-2FA6-4F26-A054-E879D50AA4BD}.Debug|ARM.ActiveCfg = Debug|Any CPU
		{BAC5E356-2FA6-4F26-A054-E879D50AA4BD}.Debug|ARM.Build.0 = Debug|Any CPU
		{BAC5E356-2FA6-4F26-A054-E879D50AA4BD}.Debug|x64.ActiveCfg = Debug|Any CPU
		{BAC5E356-2FA6-4F26-A054-E879D50AA4BD}.Debug|x64.Build.0 = Debug|Any CPU
		{BAC5E356-2FA6-4F26-A054-E879D50AA4BD}.Debug|x86.ActiveCfg = Debug|Any CPU
		{BAC5E356-2FA6-4F26-A054-E879D50AA4BD}.Debug|x86.Build.0 = Debug|Any CPU
		{BAC5E356-2FA6-4F26-A054-E879D50AA4BD}.Release|Any CPU.ActiveCfg = Release|Any CPU
		{BAC5E356-2FA6-4F26-A054-E879D50AA4BD}.Release|ARM.ActiveCfg = Release|Any CPU
		{BAC5E356-2FA6-4F26-A054-E879D50AA4BD}.Release|ARM.Build.0 = Release|Any CPU
		{BAC5E356-2FA6-4F26-A054-E879D50AA4BD}.Release|x64.ActiveCfg = Release|Any CPU
		{BAC5E356-2FA6-4F26-A054-E879D50AA4BD}.Release|x64.Build.0 = Release|Any CPU
		{BAC5E356-2FA6-4F26-A054-E879D50AA4BD}.Release|x86.ActiveCfg = Release|Any CPU
		{BAC5E356-2FA6-4F26-A054-E879D50AA4BD}.Release|x86.Build.0 = Release|Any CPU
		{5B7C3DF1-608D-4882-B44E-1C6DE3C54F4D}.Debug|Any CPU.ActiveCfg = Debug|Any CPU
		{5B7C3DF1-608D-4882-B44E-1C6DE3C54F4D}.Debug|Any CPU.Build.0 = Debug|Any CPU
		{5B7C3DF1-608D-4882-B44E-1C6DE3C54F4D}.Debug|ARM.ActiveCfg = Debug|Any CPU
		{5B7C3DF1-608D-4882-B44E-1C6DE3C54F4D}.Debug|ARM.Build.0 = Debug|Any CPU
		{5B7C3DF1-608D-4882-B44E-1C6DE3C54F4D}.Debug|x64.ActiveCfg = Debug|Any CPU
		{5B7C3DF1-608D-4882-B44E-1C6DE3C54F4D}.Debug|x64.Build.0 = Debug|Any CPU
		{5B7C3DF1-608D-4882-B44E-1C6DE3C54F4D}.Debug|x86.ActiveCfg = Debug|Any CPU
		{5B7C3DF1-608D-4882-B44E-1C6DE3C54F4D}.Debug|x86.Build.0 = Debug|Any CPU
		{5B7C3DF1-608D-4882-B44E-1C6DE3C54F4D}.Release|Any CPU.ActiveCfg = Release|Any CPU
		{5B7C3DF1-608D-4882-B44E-1C6DE3C54F4D}.Release|Any CPU.Build.0 = Release|Any CPU
		{5B7C3DF1-608D-4882-B44E-1C6DE3C54F4D}.Release|ARM.ActiveCfg = Release|Any CPU
		{5B7C3DF1-608D-4882-B44E-1C6DE3C54F4D}.Release|ARM.Build.0 = Release|Any CPU
		{5B7C3DF1-608D-4882-B44E-1C6DE3C54F4D}.Release|x64.ActiveCfg = Release|Any CPU
		{5B7C3DF1-608D-4882-B44E-1C6DE3C54F4D}.Release|x64.Build.0 = Release|Any CPU
		{5B7C3DF1-608D-4882-B44E-1C6DE3C54F4D}.Release|x86.ActiveCfg = Release|Any CPU
		{5B7C3DF1-608D-4882-B44E-1C6DE3C54F4D}.Release|x86.Build.0 = Release|Any CPU
		{0E55A8D0-81AD-46D0-A08C-635CFE14A8F8}.Debug|Any CPU.ActiveCfg = Debug|Any CPU
		{0E55A8D0-81AD-46D0-A08C-635CFE14A8F8}.Debug|Any CPU.Build.0 = Debug|Any CPU
		{0E55A8D0-81AD-46D0-A08C-635CFE14A8F8}.Debug|ARM.ActiveCfg = Debug|Any CPU
		{0E55A8D0-81AD-46D0-A08C-635CFE14A8F8}.Debug|ARM.Build.0 = Debug|Any CPU
		{0E55A8D0-81AD-46D0-A08C-635CFE14A8F8}.Debug|x64.ActiveCfg = Debug|Any CPU
		{0E55A8D0-81AD-46D0-A08C-635CFE14A8F8}.Debug|x64.Build.0 = Debug|Any CPU
		{0E55A8D0-81AD-46D0-A08C-635CFE14A8F8}.Debug|x86.ActiveCfg = Debug|Any CPU
		{0E55A8D0-81AD-46D0-A08C-635CFE14A8F8}.Debug|x86.Build.0 = Debug|Any CPU
		{0E55A8D0-81AD-46D0-A08C-635CFE14A8F8}.Release|Any CPU.ActiveCfg = Release|Any CPU
		{0E55A8D0-81AD-46D0-A08C-635CFE14A8F8}.Release|Any CPU.Build.0 = Release|Any CPU
		{0E55A8D0-81AD-46D0-A08C-635CFE14A8F8}.Release|ARM.ActiveCfg = Release|Any CPU
		{0E55A8D0-81AD-46D0-A08C-635CFE14A8F8}.Release|ARM.Build.0 = Release|Any CPU
		{0E55A8D0-81AD-46D0-A08C-635CFE14A8F8}.Release|x64.ActiveCfg = Release|Any CPU
		{0E55A8D0-81AD-46D0-A08C-635CFE14A8F8}.Release|x64.Build.0 = Release|Any CPU
		{0E55A8D0-81AD-46D0-A08C-635CFE14A8F8}.Release|x86.ActiveCfg = Release|Any CPU
		{0E55A8D0-81AD-46D0-A08C-635CFE14A8F8}.Release|x86.Build.0 = Release|Any CPU
		{B1C1BE5E-4425-48B2-9697-8E7BB7DF6EA6}.Debug|Any CPU.ActiveCfg = Debug|Any CPU
		{B1C1BE5E-4425-48B2-9697-8E7BB7DF6EA6}.Debug|Any CPU.Build.0 = Debug|Any CPU
		{B1C1BE5E-4425-48B2-9697-8E7BB7DF6EA6}.Debug|ARM.ActiveCfg = Debug|Any CPU
		{B1C1BE5E-4425-48B2-9697-8E7BB7DF6EA6}.Debug|ARM.Build.0 = Debug|Any CPU
		{B1C1BE5E-4425-48B2-9697-8E7BB7DF6EA6}.Debug|x64.ActiveCfg = Debug|Any CPU
		{B1C1BE5E-4425-48B2-9697-8E7BB7DF6EA6}.Debug|x64.Build.0 = Debug|Any CPU
		{B1C1BE5E-4425-48B2-9697-8E7BB7DF6EA6}.Debug|x86.ActiveCfg = Debug|Any CPU
		{B1C1BE5E-4425-48B2-9697-8E7BB7DF6EA6}.Debug|x86.Build.0 = Debug|Any CPU
		{B1C1BE5E-4425-48B2-9697-8E7BB7DF6EA6}.Release|Any CPU.ActiveCfg = Release|Any CPU
		{B1C1BE5E-4425-48B2-9697-8E7BB7DF6EA6}.Release|Any CPU.Build.0 = Release|Any CPU
		{B1C1BE5E-4425-48B2-9697-8E7BB7DF6EA6}.Release|ARM.ActiveCfg = Release|Any CPU
		{B1C1BE5E-4425-48B2-9697-8E7BB7DF6EA6}.Release|ARM.Build.0 = Release|Any CPU
		{B1C1BE5E-4425-48B2-9697-8E7BB7DF6EA6}.Release|x64.ActiveCfg = Release|Any CPU
		{B1C1BE5E-4425-48B2-9697-8E7BB7DF6EA6}.Release|x64.Build.0 = Release|Any CPU
		{B1C1BE5E-4425-48B2-9697-8E7BB7DF6EA6}.Release|x86.ActiveCfg = Release|Any CPU
		{B1C1BE5E-4425-48B2-9697-8E7BB7DF6EA6}.Release|x86.Build.0 = Release|Any CPU
		{297D5848-984D-4329-9A25-EF4AFA4A5723}.Debug|Any CPU.ActiveCfg = Debug|Any CPU
		{297D5848-984D-4329-9A25-EF4AFA4A5723}.Debug|Any CPU.Build.0 = Debug|Any CPU
		{297D5848-984D-4329-9A25-EF4AFA4A5723}.Debug|ARM.ActiveCfg = Debug|Any CPU
		{297D5848-984D-4329-9A25-EF4AFA4A5723}.Debug|ARM.Build.0 = Debug|Any CPU
		{297D5848-984D-4329-9A25-EF4AFA4A5723}.Debug|x64.ActiveCfg = Debug|Any CPU
		{297D5848-984D-4329-9A25-EF4AFA4A5723}.Debug|x64.Build.0 = Debug|Any CPU
		{297D5848-984D-4329-9A25-EF4AFA4A5723}.Debug|x86.ActiveCfg = Debug|Any CPU
		{297D5848-984D-4329-9A25-EF4AFA4A5723}.Debug|x86.Build.0 = Debug|Any CPU
		{297D5848-984D-4329-9A25-EF4AFA4A5723}.Release|Any CPU.ActiveCfg = Release|Any CPU
		{297D5848-984D-4329-9A25-EF4AFA4A5723}.Release|Any CPU.Build.0 = Release|Any CPU
		{297D5848-984D-4329-9A25-EF4AFA4A5723}.Release|ARM.ActiveCfg = Release|Any CPU
		{297D5848-984D-4329-9A25-EF4AFA4A5723}.Release|ARM.Build.0 = Release|Any CPU
		{297D5848-984D-4329-9A25-EF4AFA4A5723}.Release|x64.ActiveCfg = Release|Any CPU
		{297D5848-984D-4329-9A25-EF4AFA4A5723}.Release|x64.Build.0 = Release|Any CPU
		{297D5848-984D-4329-9A25-EF4AFA4A5723}.Release|x86.ActiveCfg = Release|Any CPU
		{297D5848-984D-4329-9A25-EF4AFA4A5723}.Release|x86.Build.0 = Release|Any CPU
		{1AB62D45-A224-4372-A914-4479A1981EB6}.Debug|Any CPU.ActiveCfg = Debug|Any CPU
		{1AB62D45-A224-4372-A914-4479A1981EB6}.Debug|Any CPU.Build.0 = Debug|Any CPU
		{1AB62D45-A224-4372-A914-4479A1981EB6}.Debug|ARM.ActiveCfg = Debug|Any CPU
		{1AB62D45-A224-4372-A914-4479A1981EB6}.Debug|ARM.Build.0 = Debug|Any CPU
		{1AB62D45-A224-4372-A914-4479A1981EB6}.Debug|x64.ActiveCfg = Debug|Any CPU
		{1AB62D45-A224-4372-A914-4479A1981EB6}.Debug|x64.Build.0 = Debug|Any CPU
		{1AB62D45-A224-4372-A914-4479A1981EB6}.Debug|x86.ActiveCfg = Debug|Any CPU
		{1AB62D45-A224-4372-A914-4479A1981EB6}.Debug|x86.Build.0 = Debug|Any CPU
		{1AB62D45-A224-4372-A914-4479A1981EB6}.Release|Any CPU.ActiveCfg = Release|Any CPU
		{1AB62D45-A224-4372-A914-4479A1981EB6}.Release|Any CPU.Build.0 = Release|Any CPU
		{1AB62D45-A224-4372-A914-4479A1981EB6}.Release|ARM.ActiveCfg = Release|Any CPU
		{1AB62D45-A224-4372-A914-4479A1981EB6}.Release|ARM.Build.0 = Release|Any CPU
		{1AB62D45-A224-4372-A914-4479A1981EB6}.Release|x64.ActiveCfg = Release|Any CPU
		{1AB62D45-A224-4372-A914-4479A1981EB6}.Release|x64.Build.0 = Release|Any CPU
		{1AB62D45-A224-4372-A914-4479A1981EB6}.Release|x86.ActiveCfg = Release|Any CPU
		{1AB62D45-A224-4372-A914-4479A1981EB6}.Release|x86.Build.0 = Release|Any CPU
		{BFBB8B1E-8849-42C3-9C89-F4F2A41774B3}.Debug|Any CPU.ActiveCfg = Debug|Any CPU
		{BFBB8B1E-8849-42C3-9C89-F4F2A41774B3}.Debug|Any CPU.Build.0 = Debug|Any CPU
		{BFBB8B1E-8849-42C3-9C89-F4F2A41774B3}.Debug|ARM.ActiveCfg = Debug|Any CPU
		{BFBB8B1E-8849-42C3-9C89-F4F2A41774B3}.Debug|ARM.Build.0 = Debug|Any CPU
		{BFBB8B1E-8849-42C3-9C89-F4F2A41774B3}.Debug|x64.ActiveCfg = Debug|Any CPU
		{BFBB8B1E-8849-42C3-9C89-F4F2A41774B3}.Debug|x64.Build.0 = Debug|Any CPU
		{BFBB8B1E-8849-42C3-9C89-F4F2A41774B3}.Debug|x86.ActiveCfg = Debug|Any CPU
		{BFBB8B1E-8849-42C3-9C89-F4F2A41774B3}.Debug|x86.Build.0 = Debug|Any CPU
		{BFBB8B1E-8849-42C3-9C89-F4F2A41774B3}.Release|Any CPU.ActiveCfg = Release|Any CPU
		{BFBB8B1E-8849-42C3-9C89-F4F2A41774B3}.Release|Any CPU.Build.0 = Release|Any CPU
		{BFBB8B1E-8849-42C3-9C89-F4F2A41774B3}.Release|ARM.ActiveCfg = Release|Any CPU
		{BFBB8B1E-8849-42C3-9C89-F4F2A41774B3}.Release|ARM.Build.0 = Release|Any CPU
		{BFBB8B1E-8849-42C3-9C89-F4F2A41774B3}.Release|x64.ActiveCfg = Release|Any CPU
		{BFBB8B1E-8849-42C3-9C89-F4F2A41774B3}.Release|x64.Build.0 = Release|Any CPU
		{BFBB8B1E-8849-42C3-9C89-F4F2A41774B3}.Release|x86.ActiveCfg = Release|Any CPU
		{BFBB8B1E-8849-42C3-9C89-F4F2A41774B3}.Release|x86.Build.0 = Release|Any CPU
		{96986AF3-E46F-4DAD-8BE7-E0017E08E98B}.Debug|Any CPU.ActiveCfg = Debug|Any CPU
		{96986AF3-E46F-4DAD-8BE7-E0017E08E98B}.Debug|Any CPU.Build.0 = Debug|Any CPU
		{96986AF3-E46F-4DAD-8BE7-E0017E08E98B}.Debug|ARM.ActiveCfg = Debug|Any CPU
		{96986AF3-E46F-4DAD-8BE7-E0017E08E98B}.Debug|ARM.Build.0 = Debug|Any CPU
		{96986AF3-E46F-4DAD-8BE7-E0017E08E98B}.Debug|x64.ActiveCfg = Debug|Any CPU
		{96986AF3-E46F-4DAD-8BE7-E0017E08E98B}.Debug|x64.Build.0 = Debug|Any CPU
		{96986AF3-E46F-4DAD-8BE7-E0017E08E98B}.Debug|x86.ActiveCfg = Debug|Any CPU
		{96986AF3-E46F-4DAD-8BE7-E0017E08E98B}.Debug|x86.Build.0 = Debug|Any CPU
		{96986AF3-E46F-4DAD-8BE7-E0017E08E98B}.Release|Any CPU.ActiveCfg = Release|Any CPU
		{96986AF3-E46F-4DAD-8BE7-E0017E08E98B}.Release|Any CPU.Build.0 = Release|Any CPU
		{96986AF3-E46F-4DAD-8BE7-E0017E08E98B}.Release|ARM.ActiveCfg = Release|Any CPU
		{96986AF3-E46F-4DAD-8BE7-E0017E08E98B}.Release|ARM.Build.0 = Release|Any CPU
		{96986AF3-E46F-4DAD-8BE7-E0017E08E98B}.Release|x64.ActiveCfg = Release|Any CPU
		{96986AF3-E46F-4DAD-8BE7-E0017E08E98B}.Release|x64.Build.0 = Release|Any CPU
		{96986AF3-E46F-4DAD-8BE7-E0017E08E98B}.Release|x86.ActiveCfg = Release|Any CPU
		{96986AF3-E46F-4DAD-8BE7-E0017E08E98B}.Release|x86.Build.0 = Release|Any CPU
	EndGlobalSection
	GlobalSection(SolutionProperties) = preSolution
		HideSolutionNode = FALSE
	EndGlobalSection
	GlobalSection(NestedProjects) = preSolution
		{7C79A3C9-CB37-4E4D-95D4-2CF0AF3FD393} = {FF0BE9FF-5D06-41D2-A5AC-3718B5040FEC}
		{549BA3FC-51F0-4EC9-8E5E-1EC10FCCDEFB} = {FF0BE9FF-5D06-41D2-A5AC-3718B5040FEC}
		{B1C1BE5E-4425-48B2-9697-8E7BB7DF6EA6} = {FF0BE9FF-5D06-41D2-A5AC-3718B5040FEC}
	EndGlobalSection
	GlobalSection(ExtensibilityGlobals) = postSolution
		SolutionGuid = {FD30EF20-B191-4AB0-8C47-32DEE7A8D60B}
	EndGlobalSection
EndGlobal
